
Microsoft Visual Studio Solution File, Format Version 12.00
# Visual Studio Version 17
VisualStudioVersion = 17.0.31903.59
MinimumVisualStudioVersion = 10.0.40219.1
Project("{FAE04EC0-301F-11D3-BF4B-00C04F79EFBC}") = "AutoManagerAPI", "AutoManagerAPI\AutoManagerAPI.csproj", "{5F686660-88AC-4DEC-9D2D-4FEC29B09451}"
EndProject
Global
	GlobalSection(SolutionConfigurationPlatforms) = preSolution
		Debug|Any CPU = Debug|Any CPU
		Release|Any CPU = Release|Any CPU
	EndGlobalSection
	GlobalSection(SolutionProperties) = preSolution
		HideSolutionNode = FALSE
	EndGlobalSection
	GlobalSection(ProjectConfigurationPlatforms) = postSolution
		{5F686660-88AC-4DEC-9D2D-4FEC29B09451}.Debug|Any CPU.ActiveCfg = Debug|Any CPU
		{5F686660-88AC-4DEC-9D2D-4FEC29B09451}.Debug|Any CPU.Build.0 = Debug|Any CPU
		{5F686660-88AC-4DEC-9D2D-4FEC29B09451}.Release|Any CPU.ActiveCfg = Release|Any CPU
		{5F686660-88AC-4DEC-9D2D-4FEC29B09451}.Release|Any CPU.Build.0 = Release|Any CPU
	EndGlobalSection
EndGlobal
