
Microsoft Visual Studio Solution File, Format Version 12.00
# Visual Studio Version 17
VisualStudioVersion = 17.5.002.0
MinimumVisualStudioVersion = 10.0.40219.1
Project("{9A19103F-16F7-4668-BE54-9A1E7A4F7556}") = "GerenciamentoAutomoveis", "GerenciamentoAutomoveis.csproj", "{137B1427-8770-4122-83CC-90FA13D8C03F}"
EndProject
Global
	GlobalSection(SolutionConfigurationPlatforms) = preSolution
		Debug|Any CPU = Debug|Any CPU
		Release|Any CPU = Release|Any CPU
	EndGlobalSection
	GlobalSection(ProjectConfigurationPlatforms) = postSolution
		{137B1427-8770-4122-83CC-90FA13D8C03F}.Debug|Any CPU.ActiveCfg = Debug|Any CPU
		{137B1427-8770-4122-83CC-90FA13D8C03F}.Debug|Any CPU.Build.0 = Debug|Any CPU
		{137B1427-8770-4122-83CC-90FA13D8C03F}.Release|Any CPU.ActiveCfg = Release|Any CPU
		{137B1427-8770-4122-83CC-90FA13D8C03F}.Release|Any CPU.Build.0 = Release|Any CPU
	EndGlobalSection
	GlobalSection(SolutionProperties) = preSolution
		HideSolutionNode = FALSE
	EndGlobalSection
	GlobalSection(ExtensibilityGlobals) = postSolution
		SolutionGuid = {6111F405-D515-4A27-B629-DADD8F339763}
	EndGlobalSection
EndGlobal
